
Microsoft Visual Studio Solution File, Format Version 12.00
# Visual Studio Version 17
VisualStudioVersion = 17.1.32421.90
MinimumVisualStudioVersion = 10.0.40219.1
Project("{9A19103F-16F7-4668-BE54-9A1E7A4F7556}") = "GroenlundAPI", "GroenlundAPI\GroenlundAPI.csproj", "{13AFF5A2-DAD7-4818-B908-CD39AC615E22}"
	ProjectSection(ProjectDependencies) = postProject
		{2B9C6F3C-FC6D-483D-891B-0C54186AC230} = {2B9C6F3C-FC6D-483D-891B-0C54186AC230}
		{5B29DE47-2B32-4E2D-8FB6-F7F452B566E9} = {5B29DE47-2B32-4E2D-8FB6-F7F452B566E9}
		{C3E2D258-15EA-45DF-B995-299AD6EAEE7C} = {C3E2D258-15EA-45DF-B995-299AD6EAEE7C}
	EndProjectSection
EndProject
Project("{9A19103F-16F7-4668-BE54-9A1E7A4F7556}") = "GroenlundWS", "GroenlundWS\GroenlundWS.csproj", "{5B29DE47-2B32-4E2D-8FB6-F7F452B566E9}"
EndProject
Project("{FAE04EC0-301F-11D3-BF4B-00C04F79EFBC}") = "GroenlundJWT", "GroenlundJWT\GroenlundJWT.csproj", "{C3E2D258-15EA-45DF-B995-299AD6EAEE7C}"
EndProject
Project("{FAE04EC0-301F-11D3-BF4B-00C04F79EFBC}") = "GroenlundDBContext", "GroenlundDBContext\GroenlundDBContext.csproj", "{2B9C6F3C-FC6D-483D-891B-0C54186AC230}"
	ProjectSection(ProjectDependencies) = postProject
		{5B29DE47-2B32-4E2D-8FB6-F7F452B566E9} = {5B29DE47-2B32-4E2D-8FB6-F7F452B566E9}
		{C3E2D258-15EA-45DF-B995-299AD6EAEE7C} = {C3E2D258-15EA-45DF-B995-299AD6EAEE7C}
	EndProjectSection
EndProject
Global
	GlobalSection(SolutionConfigurationPlatforms) = preSolution
		Debug|Any CPU = Debug|Any CPU
		Release|Any CPU = Release|Any CPU
	EndGlobalSection
	GlobalSection(ProjectConfigurationPlatforms) = postSolution
		{13AFF5A2-DAD7-4818-B908-CD39AC615E22}.Debug|Any CPU.ActiveCfg = Debug|Any CPU
		{13AFF5A2-DAD7-4818-B908-CD39AC615E22}.Debug|Any CPU.Build.0 = Debug|Any CPU
		{13AFF5A2-DAD7-4818-B908-CD39AC615E22}.Release|Any CPU.ActiveCfg = Release|Any CPU
		{13AFF5A2-DAD7-4818-B908-CD39AC615E22}.Release|Any CPU.Build.0 = Release|Any CPU
		{5B29DE47-2B32-4E2D-8FB6-F7F452B566E9}.Debug|Any CPU.ActiveCfg = Debug|Any CPU
		{5B29DE47-2B32-4E2D-8FB6-F7F452B566E9}.Debug|Any CPU.Build.0 = Debug|Any CPU
		{5B29DE47-2B32-4E2D-8FB6-F7F452B566E9}.Release|Any CPU.ActiveCfg = Release|Any CPU
		{5B29DE47-2B32-4E2D-8FB6-F7F452B566E9}.Release|Any CPU.Build.0 = Release|Any CPU
		{C3E2D258-15EA-45DF-B995-299AD6EAEE7C}.Debug|Any CPU.ActiveCfg = Debug|Any CPU
		{C3E2D258-15EA-45DF-B995-299AD6EAEE7C}.Debug|Any CPU.Build.0 = Debug|Any CPU
		{C3E2D258-15EA-45DF-B995-299AD6EAEE7C}.Release|Any CPU.ActiveCfg = Release|Any CPU
		{C3E2D258-15EA-45DF-B995-299AD6EAEE7C}.Release|Any CPU.Build.0 = Release|Any CPU
		{2B9C6F3C-FC6D-483D-891B-0C54186AC230}.Debug|Any CPU.ActiveCfg = Debug|Any CPU
		{2B9C6F3C-FC6D-483D-891B-0C54186AC230}.Debug|Any CPU.Build.0 = Debug|Any CPU
		{2B9C6F3C-FC6D-483D-891B-0C54186AC230}.Release|Any CPU.ActiveCfg = Release|Any CPU
		{2B9C6F3C-FC6D-483D-891B-0C54186AC230}.Release|Any CPU.Build.0 = Release|Any CPU
	EndGlobalSection
	GlobalSection(SolutionProperties) = preSolution
		HideSolutionNode = FALSE
	EndGlobalSection
	GlobalSection(ExtensibilityGlobals) = postSolution
		SolutionGuid = {BCC890F3-486E-48F6-934B-39122837224D}
	EndGlobalSection
EndGlobal
